
Microsoft Visual Studio Solution File, Format Version 12.00
# Visual Studio 14
VisualStudioVersion = 14.0.25420.1
MinimumVisualStudioVersion = 10.0.40219.1
Project("{FAE04EC0-301F-11D3-BF4B-00C04F79EFBC}") = "ManTechTest", "ManTechTest\ManTechTest.csproj", "{E8B6A516-C322-49EE-BB87-EE061D573970}"
EndProject
Project("{2150E333-8FDC-42A3-9474-1A3956D46DE8}") = "PublishScripts", "PublishScripts", "{84CC073E-62F1-48B1-A3AA-1CC08B294196}"
	ProjectSection(SolutionItems) = preProject
		PublishScripts\AzureVMPublishModule.psm1 = PublishScripts\AzureVMPublishModule.psm1
		PublishScripts\Publish-WebApplicationVM.ps1 = PublishScripts\Publish-WebApplicationVM.ps1
	EndProjectSection
EndProject
Project("{2150E333-8FDC-42A3-9474-1A3956D46DE8}") = "Configurations", "Configurations", "{A421FFD3-4A83-4505-98AA-AA9D0F23101E}"
	ProjectSection(SolutionItems) = preProject
		PublishScripts\Configurations\ManTechTest-VM-dev.json = PublishScripts\Configurations\ManTechTest-VM-dev.json
	EndProjectSection
EndProject
Global
	GlobalSection(SolutionConfigurationPlatforms) = preSolution
		Debug|Any CPU = Debug|Any CPU
		Release|Any CPU = Release|Any CPU
	EndGlobalSection
	GlobalSection(ProjectConfigurationPlatforms) = postSolution
		{E8B6A516-C322-49EE-BB87-EE061D573970}.Debug|Any CPU.ActiveCfg = Debug|Any CPU
		{E8B6A516-C322-49EE-BB87-EE061D573970}.Debug|Any CPU.Build.0 = Debug|Any CPU
		{E8B6A516-C322-49EE-BB87-EE061D573970}.Release|Any CPU.ActiveCfg = Release|Any CPU
		{E8B6A516-C322-49EE-BB87-EE061D573970}.Release|Any CPU.Build.0 = Release|Any CPU
	EndGlobalSection
	GlobalSection(SolutionProperties) = preSolution
		HideSolutionNode = FALSE
	EndGlobalSection
	GlobalSection(NestedProjects) = preSolution
		{A421FFD3-4A83-4505-98AA-AA9D0F23101E} = {84CC073E-62F1-48B1-A3AA-1CC08B294196}
	EndGlobalSection
EndGlobal
